
Microsoft Visual Studio Solution File, Format Version 12.00
# Visual Studio Version 16
VisualStudioVersion = 16.0.31205.134
MinimumVisualStudioVersion = 10.0.40219.1
Project("{9A19103F-16F7-4668-BE54-9A1E7A4F7556}") = "TodoListBlazorWasm", "TodoListBlazorWasm\TodoListBlazorWasm.csproj", "{59A6A07C-7F64-4A2F-97E3-49298738261A}"
EndProject
Project("{9A19103F-16F7-4668-BE54-9A1E7A4F7556}") = "TodoList.Api", "TodoList.Api\TodoList.Api.csproj", "{5505F748-F562-4837-B948-39B007884B8D}"
EndProject
Project("{9A19103F-16F7-4668-BE54-9A1E7A4F7556}") = "TodoList.Models", "TodoList.Models\TodoList.Models.csproj", "{8513E2B2-60E2-4F27-8216-167CB825FCC9}"
EndProject
Global
	GlobalSection(SolutionConfigurationPlatforms) = preSolution
		Debug|Any CPU = Debug|Any CPU
		Release|Any CPU = Release|Any CPU
	EndGlobalSection
	GlobalSection(ProjectConfigurationPlatforms) = postSolution
		{59A6A07C-7F64-4A2F-97E3-49298738261A}.Debug|Any CPU.ActiveCfg = Debug|Any CPU
		{59A6A07C-7F64-4A2F-97E3-49298738261A}.Debug|Any CPU.Build.0 = Debug|Any CPU
		{59A6A07C-7F64-4A2F-97E3-49298738261A}.Release|Any CPU.ActiveCfg = Release|Any CPU
		{59A6A07C-7F64-4A2F-97E3-49298738261A}.Release|Any CPU.Build.0 = Release|Any CPU
		{5505F748-F562-4837-B948-39B007884B8D}.Debug|Any CPU.ActiveCfg = Debug|Any CPU
		{5505F748-F562-4837-B948-39B007884B8D}.Debug|Any CPU.Build.0 = Debug|Any CPU
		{5505F748-F562-4837-B948-39B007884B8D}.Release|Any CPU.ActiveCfg = Release|Any CPU
		{5505F748-F562-4837-B948-39B007884B8D}.Release|Any CPU.Build.0 = Release|Any CPU
		{8513E2B2-60E2-4F27-8216-167CB825FCC9}.Debug|Any CPU.ActiveCfg = Debug|Any CPU
		{8513E2B2-60E2-4F27-8216-167CB825FCC9}.Debug|Any CPU.Build.0 = Debug|Any CPU
		{8513E2B2-60E2-4F27-8216-167CB825FCC9}.Release|Any CPU.ActiveCfg = Release|Any CPU
		{8513E2B2-60E2-4F27-8216-167CB825FCC9}.Release|Any CPU.Build.0 = Release|Any CPU
	EndGlobalSection
	GlobalSection(SolutionProperties) = preSolution
		HideSolutionNode = FALSE
	EndGlobalSection
	GlobalSection(ExtensibilityGlobals) = postSolution
		SolutionGuid = {101C3AEF-5AC4-45E5-A781-CB9EC9F49C84}
	EndGlobalSection
EndGlobal
